// !$*UTF8*$!
{
	archiveVersion = 1;
	classes = {
	};
	objectVersion = 56;
	objects = {

/* Begin PBXBuildFile section */
		4DA7593829D8ABF300C22745 /* AppDelegate.swift in Sources */ = {isa = PBXBuildFile; fileRef = 4DA7593729D8ABF300C22745 /* AppDelegate.swift */; };
		4DA7593A29D8ABF300C22745 /* SceneDelegate.swift in Sources */ = {isa = PBXBuildFile; fileRef = 4DA7593929D8ABF300C22745 /* SceneDelegate.swift */; };
		4DA7593C29D8ABF300C22745 /* ViewController.swift in Sources */ = {isa = PBXBuildFile; fileRef = 4DA7593B29D8ABF300C22745 /* ViewController.swift */; };
		4DA7593F29D8ABF300C22745 /* Main.storyboard in Resources */ = {isa = PBXBuildFile; fileRef = 4DA7593D29D8ABF300C22745 /* Main.storyboard */; };
		4DA7594129D8ABF400C22745 /* Assets.xcassets in Resources */ = {isa = PBXBuildFile; fileRef = 4DA7594029D8ABF400C22745 /* Assets.xcassets */; };
		4DA7594429D8ABF400C22745 /* LaunchScreen.storyboard in Resources */ = {isa = PBXBuildFile; fileRef = 4DA7594229D8ABF400C22745 /* LaunchScreen.storyboard */; };
		4DA7594C29D8AD4800C22745 /* GoogleService-Info.plist in Resources */ = {isa = PBXBuildFile; fileRef = 4DA7594B29D8AD4800C22745 /* GoogleService-Info.plist */; };
		4DA7595229D8C34900C22745 /* extensions.swift in Sources */ = {isa = PBXBuildFile; fileRef = 4DA7595129D8C34900C22745 /* extensions.swift */; };
		4DA7595429D9452400C22745 /* MainTableViewController.swift in Sources */ = {isa = PBXBuildFile; fileRef = 4DA7595329D9452400C22745 /* MainTableViewController.swift */; };
		4DA7595629D94AC100C22745 /* SingUpViewController.swift in Sources */ = {isa = PBXBuildFile; fileRef = 4DA7595529D94AC100C22745 /* SingUpViewController.swift */; };
		B064E360E48F51C36E947CB1 /* Pods_firebase.framework in Frameworks */ = {isa = PBXBuildFile; fileRef = CD5D4754C0B854928F3798CB /* Pods_firebase.framework */; };
/* End PBXBuildFile section */

/* Begin PBXFileReference section */
		4DA7593429D8ABF300C22745 /* firebase.app */ = {isa = PBXFileReference; explicitFileType = wrapper.application; includeInIndex = 0; path = firebase.app; sourceTree = BUILT_PRODUCTS_DIR; };
		4DA7593729D8ABF300C22745 /* AppDelegate.swift */ = {isa = PBXFileReference; lastKnownFileType = sourcecode.swift; path = AppDelegate.swift; sourceTree = "<group>"; };
		4DA7593929D8ABF300C22745 /* SceneDelegate.swift */ = {isa = PBXFileReference; lastKnownFileType = sourcecode.swift; path = SceneDelegate.swift; sourceTree = "<group>"; };
		4DA7593B29D8ABF300C22745 /* ViewController.swift */ = {isa = PBXFileReference; lastKnownFileType = sourcecode.swift; path = ViewController.swift; sourceTree = "<group>"; };
		4DA7593E29D8ABF300C22745 /* Base */ = {isa = PBXFileReference; lastKnownFileType = file.storyboard; name = Base; path = Base.lproj/Main.storyboard; sourceTree = "<group>"; };
		4DA7594029D8ABF400C22745 /* Assets.xcassets */ = {isa = PBXFileReference; lastKnownFileType = folder.assetcatalog; path = Assets.xcassets; sourceTree = "<group>"; };
		4DA7594329D8ABF400C22745 /* Base */ = {isa = PBXFileReference; lastKnownFileType = file.storyboard; name = Base; path = Base.lproj/LaunchScreen.storyboard; sourceTree = "<group>"; };
		4DA7594529D8ABF400C22745 /* Info.plist */ = {isa = PBXFileReference; lastKnownFileType = text.plist.xml; path = Info.plist; sourceTree = "<group>"; };
		4DA7594B29D8AD4800C22745 /* GoogleService-Info.plist */ = {isa = PBXFileReference; fileEncoding = 4; lastKnownFileType = text.plist.xml; path = "GoogleService-Info.plist"; sourceTree = "<group>"; };
		4DA7595129D8C34900C22745 /* extensions.swift */ = {isa = PBXFileReference; lastKnownFileType = sourcecode.swift; path = extensions.swift; sourceTree = "<group>"; };
		4DA7595329D9452400C22745 /* MainTableViewController.swift */ = {isa = PBXFileReference; lastKnownFileType = sourcecode.swift; path = MainTableViewController.swift; sourceTree = "<group>"; };
		4DA7595529D94AC100C22745 /* SingUpViewController.swift */ = {isa = PBXFileReference; lastKnownFileType = sourcecode.swift; path = SingUpViewController.swift; sourceTree = "<group>"; };
		55170C204437CCB2A13F62E9 /* Pods-firebase.debug.xcconfig */ = {isa = PBXFileReference; includeInIndex = 1; lastKnownFileType = text.xcconfig; name = "Pods-firebase.debug.xcconfig"; path = "Target Support Files/Pods-firebase/Pods-firebase.debug.xcconfig"; sourceTree = "<group>"; };
		A25F68ABC873EFE49F099AE8 /* Pods-firebase.release.xcconfig */ = {isa = PBXFileReference; includeInIndex = 1; lastKnownFileType = text.xcconfig; name = "Pods-firebase.release.xcconfig"; path = "Target Support Files/Pods-firebase/Pods-firebase.release.xcconfig"; sourceTree = "<group>"; };
		CD5D4754C0B854928F3798CB /* Pods_firebase.framework */ = {isa = PBXFileReference; explicitFileType = wrapper.framework; includeInIndex = 0; path = Pods_firebase.framework; sourceTree = BUILT_PRODUCTS_DIR; };
/* End PBXFileReference section */

/* Begin PBXFrameworksBuildPhase section */
		4DA7593129D8ABF200C22745 /* Frameworks */ = {
			isa = PBXFrameworksBuildPhase;
			buildActionMask = 2147483647;
			files = (
				B064E360E48F51C36E947CB1 /* Pods_firebase.framework in Frameworks */,
			);
			runOnlyForDeploymentPostprocessing = 0;
		};
/* End PBXFrameworksBuildPhase section */

/* Begin PBXGroup section */
		01F36FD2E22FDB19414C74D7 /* Frameworks */ = {
			isa = PBXGroup;
			children = (
				CD5D4754C0B854928F3798CB /* Pods_firebase.framework */,
			);
			name = Frameworks;
			sourceTree = "<group>";
		};
		388975B8A7C6EE300164AC65 /* Pods */ = {
			isa = PBXGroup;
			children = (
				55170C204437CCB2A13F62E9 /* Pods-firebase.debug.xcconfig */,
				A25F68ABC873EFE49F099AE8 /* Pods-firebase.release.xcconfig */,
			);
			path = Pods;
			sourceTree = "<group>";
		};
		4DA7592B29D8ABF200C22745 = {
			isa = PBXGroup;
			children = (
				4DA7593629D8ABF300C22745 /* firebase */,
				4DA7593529D8ABF300C22745 /* Products */,
				388975B8A7C6EE300164AC65 /* Pods */,
				01F36FD2E22FDB19414C74D7 /* Frameworks */,
			);
			sourceTree = "<group>";
		};
		4DA7593529D8ABF300C22745 /* Products */ = {
			isa = PBXGroup;
			children = (
				4DA7593429D8ABF300C22745 /* firebase.app */,
			);
			name = Products;
			sourceTree = "<group>";
		};
		4DA7593629D8ABF300C22745 /* firebase */ = {
			isa = PBXGroup;
			children = (
				4DA7595029D8AEBC00C22745 /* Helper */,
				4DA7594F29D8AEAB00C22745 /* Controller */,
				4DA7594E29D8AE9E00C22745 /* View */,
				4DA7594D29D8AE9300C22745 /* Model */,
				4DA7594029D8ABF400C22745 /* Assets.xcassets */,
				4DA7594B29D8AD4800C22745 /* GoogleService-Info.plist */,
				4DA7594529D8ABF400C22745 /* Info.plist */,
			);
			path = firebase;
			sourceTree = "<group>";
		};
		4DA7594D29D8AE9300C22745 /* Model */ = {
			isa = PBXGroup;
			children = (
			);
			path = Model;
			sourceTree = "<group>";
		};
		4DA7594E29D8AE9E00C22745 /* View */ = {
			isa = PBXGroup;
			children = (
				4DA7593D29D8ABF300C22745 /* Main.storyboard */,
				4DA7594229D8ABF400C22745 /* LaunchScreen.storyboard */,
			);
			path = View;
			sourceTree = "<group>";
		};
		4DA7594F29D8AEAB00C22745 /* Controller */ = {
			isa = PBXGroup;
			children = (
				4DA7593729D8ABF300C22745 /* AppDelegate.swift */,
				4DA7593929D8ABF300C22745 /* SceneDelegate.swift */,
				4DA7593B29D8ABF300C22745 /* ViewController.swift */,
				4DA7595329D9452400C22745 /* MainTableViewController.swift */,
				4DA7595529D94AC100C22745 /* SingUpViewController.swift */,
			);
			path = Controller;
			sourceTree = "<group>";
		};
		4DA7595029D8AEBC00C22745 /* Helper */ = {
			isa = PBXGroup;
			children = (
				4DA7595129D8C34900C22745 /* extensions.swift */,
			);
			path = Helper;
			sourceTree = "<group>";
		};
/* End PBXGroup section */

/* Begin PBXNativeTarget section */
		4DA7593329D8ABF200C22745 /* firebase */ = {
			isa = PBXNativeTarget;
			buildConfigurationList = 4DA7594829D8ABF400C22745 /* Build configuration list for PBXNativeTarget "firebase" */;
			buildPhases = (
				8E99CEA8A26AF972CB767EFD /* [CP] Check Pods Manifest.lock */,
				4DA7593029D8ABF200C22745 /* Sources */,
				4DA7593129D8ABF200C22745 /* Frameworks */,
				4DA7593229D8ABF200C22745 /* Resources */,
				882A59D4A59919AD86BB5D07 /* [CP] Embed Pods Frameworks */,
			);
			buildRules = (
			);
			dependencies = (
			);
			name = firebase;
			productName = firebase;
			productReference = 4DA7593429D8ABF300C22745 /* firebase.app */;
			productType = "com.apple.product-type.application";
		};
/* End PBXNativeTarget section */

/* Begin PBXProject section */
		4DA7592C29D8ABF200C22745 /* Project object */ = {
			isa = PBXProject;
			attributes = {
				BuildIndependentTargetsInParallel = 1;
				LastSwiftUpdateCheck = 1420;
				LastUpgradeCheck = 1420;
				TargetAttributes = {
					4DA7593329D8ABF200C22745 = {
						CreatedOnToolsVersion = 14.2;
					};
				};
			};
			buildConfigurationList = 4DA7592F29D8ABF200C22745 /* Build configuration list for PBXProject "firebase" */;
			compatibilityVersion = "Xcode 14.0";
			developmentRegion = en;
			hasScannedForEncodings = 0;
			knownRegions = (
				en,
				Base,
			);
			mainGroup = 4DA7592B29D8ABF200C22745;
			productRefGroup = 4DA7593529D8ABF300C22745 /* Products */;
			projectDirPath = "";
			projectRoot = "";
			targets = (
				4DA7593329D8ABF200C22745 /* firebase */,
			);
		};
/* End PBXProject section */

/* Begin PBXResourcesBuildPhase section */
		4DA7593229D8ABF200C22745 /* Resources */ = {
			isa = PBXResourcesBuildPhase;
			buildActionMask = 2147483647;
			files = (
				4DA7594429D8ABF400C22745 /* LaunchScreen.storyboard in Resources */,
				4DA7594C29D8AD4800C22745 /* GoogleService-Info.plist in Resources */,
				4DA7594129D8ABF400C22745 /* Assets.xcassets in Resources */,
				4DA7593F29D8ABF300C22745 /* Main.storyboard in Resources */,
			);
			runOnlyForDeploymentPostprocessing = 0;
		};
/* End PBXResourcesBuildPhase section */

/* Begin PBXShellScriptBuildPhase section */
		882A59D4A59919AD86BB5D07 /* [CP] Embed Pods Frameworks */ = {
			isa = PBXShellScriptBuildPhase;
			buildActionMask = 2147483647;
			files = (
			);
			inputFileListPaths = (
				"${PODS_ROOT}/Target Support Files/Pods-firebase/Pods-firebase-frameworks-${CONFIGURATION}-input-files.xcfilelist",
			);
			name = "[CP] Embed Pods Frameworks";
			outputFileListPaths = (
				"${PODS_ROOT}/Target Support Files/Pods-firebase/Pods-firebase-frameworks-${CONFIGURATION}-output-files.xcfilelist",
			);
			runOnlyForDeploymentPostprocessing = 0;
			shellPath = /bin/sh;
			shellScript = "\"${PODS_ROOT}/Target Support Files/Pods-firebase/Pods-firebase-frameworks.sh\"\n";
			showEnvVarsInLog = 0;
		};
		8E99CEA8A26AF972CB767EFD /* [CP] Check Pods Manifest.lock */ = {
			isa = PBXShellScriptBuildPhase;
			buildActionMask = 2147483647;
			files = (
			);
			inputFileListPaths = (
			);
			inputPaths = (
				"${PODS_PODFILE_DIR_PATH}/Podfile.lock",
				"${PODS_ROOT}/Manifest.lock",
			);
			name = "[CP] Check Pods Manifest.lock";
			outputFileListPaths = (
			);
			outputPaths = (
				"$(DERIVED_FILE_DIR)/Pods-firebase-checkManifestLockResult.txt",
			);
			runOnlyForDeploymentPostprocessing = 0;
			shellPath = /bin/sh;
			shellScript = "diff \"${PODS_PODFILE_DIR_PATH}/Podfile.lock\" \"${PODS_ROOT}/Manifest.lock\" > /dev/null\nif [ $? != 0 ] ; then\n    # print error to STDERR\n    echo \"error: The sandbox is not in sync with the Podfile.lock. Run 'pod install' or update your CocoaPods installation.\" >&2\n    exit 1\nfi\n# This output is used by Xcode 'outputs' to avoid re-running this script phase.\necho \"SUCCESS\" > \"${SCRIPT_OUTPUT_FILE_0}\"\n";
			showEnvVarsInLog = 0;
		};
/* End PBXShellScriptBuildPhase section */

/* Begin PBXSourcesBuildPhase section */
		4DA7593029D8ABF200C22745 /* Sources */ = {
			isa = PBXSourcesBuildPhase;
			buildActionMask = 2147483647;
			files = (
				4DA7593C29D8ABF300C22745 /* ViewController.swift in Sources */,
				4DA7593829D8ABF300C22745 /* AppDelegate.swift in Sources */,
				4DA7593A29D8ABF300C22745 /* SceneDelegate.swift in Sources */,
				4DA7595429D9452400C22745 /* MainTableViewController.swift in Sources */,
				4DA7595629D94AC100C22745 /* SingUpViewController.swift in Sources */,
				4DA7595229D8C34900C22745 /* extensions.swift in Sources */,
			);
			runOnlyForDeploymentPostprocessing = 0;
		};
/* End PBXSourcesBuildPhase section */

/* Begin PBXVariantGroup section */
		4DA7593D29D8ABF300C22745 /* Main.storyboard */ = {
			isa = PBXVariantGroup;
			children = (
				4DA7593E29D8ABF300C22745 /* Base */,
			);
			name = Main.storyboard;
			sourceTree = "<group>";
		};
		4DA7594229D8ABF400C22745 /* LaunchScreen.storyboard */ = {
			isa = PBXVariantGroup;
			children = (
				4DA7594329D8ABF400C22745 /* Base */,
			);
			name = LaunchScreen.storyboard;
			sourceTree = "<group>";
		};
/* End PBXVariantGroup section */

/* Begin XCBuildConfiguration section */
		4DA7594629D8ABF400C22745 /* Debug */ = {
			isa = XCBuildConfiguration;
			buildSettings = {
				ALWAYS_SEARCH_USER_PATHS = NO;
				CLANG_ANALYZER_NONNULL = YES;
				CLANG_ANALYZER_NUMBER_OBJECT_CONVERSION = YES_AGGRESSIVE;
				CLANG_CXX_LANGUAGE_STANDARD = "gnu++20";
				CLANG_ENABLE_MODULES = YES;
				CLANG_ENABLE_OBJC_ARC = YES;
				CLANG_ENABLE_OBJC_WEAK = YES;
				CLANG_WARN_BLOCK_CAPTURE_AUTORELEASING = YES;
				CLANG_WARN_BOOL_CONVERSION = YES;
				CLANG_WARN_COMMA = YES;
				CLANG_WARN_CONSTANT_CONVERSION = YES;
				CLANG_WARN_DEPRECATED_OBJC_IMPLEMENTATIONS = YES;
				CLANG_WARN_DIRECT_OBJC_ISA_USAGE = YES_ERROR;
				CLANG_WARN_DOCUMENTATION_COMMENTS = YES;
				CLANG_WARN_EMPTY_BODY = YES;
				CLANG_WARN_ENUM_CONVERSION = YES;
				CLANG_WARN_INFINITE_RECURSION = YES;
				CLANG_WARN_INT_CONVERSION = YES;
				CLANG_WARN_NON_LITERAL_NULL_CONVERSION = YES;
				CLANG_WARN_OBJC_IMPLICIT_RETAIN_SELF = YES;
				CLANG_WARN_OBJC_LITERAL_CONVERSION = YES;
				CLANG_WARN_OBJC_ROOT_CLASS = YES_ERROR;
				CLANG_WARN_QUOTED_INCLUDE_IN_FRAMEWORK_HEADER = YES;
				CLANG_WARN_RANGE_LOOP_ANALYSIS = YES;
				CLANG_WARN_STRICT_PROTOTYPES = YES;
				CLANG_WARN_SUSPICIOUS_MOVE = YES;
				CLANG_WARN_UNGUARDED_AVAILABILITY = YES_AGGRESSIVE;
				CLANG_WARN_UNREACHABLE_CODE = YES;
				CLANG_WARN__DUPLICATE_METHOD_MATCH = YES;
				COPY_PHASE_STRIP = NO;
				DEBUG_INFORMATION_FORMAT = dwarf;
				ENABLE_STRICT_OBJC_MSGSEND = YES;
				ENABLE_TESTABILITY = YES;
				GCC_C_LANGUAGE_STANDARD = gnu11;
				GCC_DYNAMIC_NO_PIC = NO;
				GCC_NO_COMMON_BLOCKS = YES;
				GCC_OPTIMIZATION_LEVEL = 0;
				GCC_PREPROCESSOR_DEFINITIONS = (
					"DEBUG=1",
					"$(inherited)",
				);
				GCC_WARN_64_TO_32_BIT_CONVERSION = YES;
				GCC_WARN_ABOUT_RETURN_TYPE = YES_ERROR;
				GCC_WARN_UNDECLARED_SELECTOR = YES;
				GCC_WARN_UNINITIALIZED_AUTOS = YES_AGGRESSIVE;
				GCC_WARN_UNUSED_FUNCTION = YES;
				GCC_WARN_UNUSED_VARIABLE = YES;
				IPHONEOS_DEPLOYMENT_TARGET = 16.2;
				MTL_ENABLE_DEBUG_INFO = INCLUDE_SOURCE;
				MTL_FAST_MATH = YES;
				ONLY_ACTIVE_ARCH = YES;
				SDKROOT = iphoneos;
				SWIFT_ACTIVE_COMPILATION_CONDITIONS = DEBUG;
				SWIFT_OPTIMIZATION_LEVEL = "-Onone";
			};
			name = Debug;
		};
		4DA7594729D8ABF400C22745 /* Release */ = {
			isa = XCBuildConfiguration;
			buildSettings = {
				ALWAYS_SEARCH_USER_PATHS = NO;
				CLANG_ANALYZER_NONNULL = YES;
				CLANG_ANALYZER_NUMBER_OBJECT_CONVERSION = YES_AGGRESSIVE;
				CLANG_CXX_LANGUAGE_STANDARD = "gnu++20";
				CLANG_ENABLE_MODULES = YES;
				CLANG_ENABLE_OBJC_ARC = YES;
				CLANG_ENABLE_OBJC_WEAK = YES;
				CLANG_WARN_BLOCK_CAPTURE_AUTORELEASING = YES;
				CLANG_WARN_BOOL_CONVERSION = YES;
				CLANG_WARN_COMMA = YES;
				CLANG_WARN_CONSTANT_CONVERSION = YES;
				CLANG_WARN_DEPRECATED_OBJC_IMPLEMENTATIONS = YES;
				CLANG_WARN_DIRECT_OBJC_ISA_USAGE = YES_ERROR;
				CLANG_WARN_DOCUMENTATION_COMMENTS = YES;
				CLANG_WARN_EMPTY_BODY = YES;
				CLANG_WARN_ENUM_CONVERSION = YES;
				CLANG_WARN_INFINITE_RECURSION = YES;
				CLANG_WARN_INT_CONVERSION = YES;
				CLANG_WARN_NON_LITERAL_NULL_CONVERSION = YES;
				CLANG_WARN_OBJC_IMPLICIT_RETAIN_SELF = YES;
				CLANG_WARN_OBJC_LITERAL_CONVERSION = YES;
				CLANG_WARN_OBJC_ROOT_CLASS = YES_ERROR;
				CLANG_WARN_QUOTED_INCLUDE_IN_FRAMEWORK_HEADER = YES;
				CLANG_WARN_RANGE_LOOP_ANALYSIS = YES;
				CLANG_WARN_STRICT_PROTOTYPES = YES;
				CLANG_WARN_SUSPICIOUS_MOVE = YES;
				CLANG_WARN_UNGUARDED_AVAILABILITY = YES_AGGRESSIVE;
				CLANG_WARN_UNREACHABLE_CODE = YES;
				CLANG_WARN__DUPLICATE_METHOD_MATCH = YES;
				COPY_PHASE_STRIP = NO;
				DEBUG_INFORMATION_FORMAT = "dwarf-with-dsym";
				ENABLE_NS_ASSERTIONS = NO;
				ENABLE_STRICT_OBJC_MSGSEND = YES;
				GCC_C_LANGUAGE_STANDARD = gnu11;
				GCC_NO_COMMON_BLOCKS = YES;
				GCC_WARN_64_TO_32_BIT_CONVERSION = YES;
				GCC_WARN_ABOUT_RETURN_TYPE = YES_ERROR;
				GCC_WARN_UNDECLARED_SELECTOR = YES;
				GCC_WARN_UNINITIALIZED_AUTOS = YES_AGGRESSIVE;
				GCC_WARN_UNUSED_FUNCTION = YES;
				GCC_WARN_UNUSED_VARIABLE = YES;
				IPHONEOS_DEPLOYMENT_TARGET = 16.2;
				MTL_ENABLE_DEBUG_INFO = NO;
				MTL_FAST_MATH = YES;
				SDKROOT = iphoneos;
				SWIFT_COMPILATION_MODE = wholemodule;
				SWIFT_OPTIMIZATION_LEVEL = "-O";
				VALIDATE_PRODUCT = YES;
			};
			name = Release;
		};
		4DA7594929D8ABF400C22745 /* Debug */ = {
			isa = XCBuildConfiguration;
			baseConfigurationReference = 55170C204437CCB2A13F62E9 /* Pods-firebase.debug.xcconfig */;
			buildSettings = {
				ASSETCATALOG_COMPILER_APPICON_NAME = AppIcon;
				ASSETCATALOG_COMPILER_GLOBAL_ACCENT_COLOR_NAME = AccentColor;
				CODE_SIGN_STYLE = Automatic;
				CURRENT_PROJECT_VERSION = 1;
				DEVELOPMENT_TEAM = SPWMMSKK74;
				GENERATE_INFOPLIST_FILE = YES;
				INFOPLIST_FILE = firebase/Info.plist;
				INFOPLIST_KEY_UIApplicationSupportsIndirectInputEvents = YES;
				INFOPLIST_KEY_UILaunchStoryboardName = LaunchScreen;
				INFOPLIST_KEY_UIMainStoryboardFile = Main;
				INFOPLIST_KEY_UISupportedInterfaceOrientations_iPad = "UIInterfaceOrientationPortrait UIInterfaceOrientationPortraitUpsideDown UIInterfaceOrientationLandscapeLeft UIInterfaceOrientationLandscapeRight";
				INFOPLIST_KEY_UISupportedInterfaceOrientations_iPhone = "UIInterfaceOrientationPortrait UIInterfaceOrientationLandscapeLeft UIInterfaceOrientationLandscapeRight";
				LD_RUNPATH_SEARCH_PATHS = (
					"$(inherited)",
					"@executable_path/Frameworks",
				);
				MARKETING_VERSION = 1.0;
				PRODUCT_BUNDLE_IDENTIFIER = br.com.jocampos.firebase;
				PRODUCT_NAME = "$(TARGET_NAME)";
				SWIFT_EMIT_LOC_STRINGS = YES;
				SWIFT_VERSION = 5.0;
				TARGETED_DEVICE_FAMILY = "1,2";
			};
			name = Debug;
		};
		4DA7594A29D8ABF400C22745 /* Release */ = {
			isa = XCBuildConfiguration;
			baseConfigurationReference = A25F68ABC873EFE49F099AE8 /* Pods-firebase.release.xcconfig */;
			buildSettings = {
				ASSETCATALOG_COMPILER_APPICON_NAME = AppIcon;
				ASSETCATALOG_COMPILER_GLOBAL_ACCENT_COLOR_NAME = AccentColor;
				CODE_SIGN_STYLE = Automatic;
				CURRENT_PROJECT_VERSION = 1;
				DEVELOPMENT_TEAM = SPWMMSKK74;
				GENERATE_INFOPLIST_FILE = YES;
				INFOPLIST_FILE = firebase/Info.plist;
				INFOPLIST_KEY_UIApplicationSupportsIndirectInputEvents = YES;
				INFOPLIST_KEY_UILaunchStoryboardName = LaunchScreen;
				INFOPLIST_KEY_UIMainStoryboardFile = Main;
				INFOPLIST_KEY_UISupportedInterfaceOrientations_iPad = "UIInterfaceOrientationPortrait UIInterfaceOrientationPortraitUpsideDown UIInterfaceOrientationLandscapeLeft UIInterfaceOrientationLandscapeRight";
				INFOPLIST_KEY_UISupportedInterfaceOrientations_iPhone = "UIInterfaceOrientationPortrait UIInterfaceOrientationLandscapeLeft UIInterfaceOrientationLandscapeRight";
				LD_RUNPATH_SEARCH_PATHS = (
					"$(inherited)",
					"@executable_path/Frameworks",
				);
				MARKETING_VERSION = 1.0;
				PRODUCT_BUNDLE_IDENTIFIER = br.com.jocampos.firebase;
				PRODUCT_NAME = "$(TARGET_NAME)";
				SWIFT_EMIT_LOC_STRINGS = YES;
				SWIFT_VERSION = 5.0;
				TARGETED_DEVICE_FAMILY = "1,2";
			};
			name = Release;
		};
/* End XCBuildConfiguration section */

/* Begin XCConfigurationList section */
		4DA7592F29D8ABF200C22745 /* Build configuration list for PBXProject "firebase" */ = {
			isa = XCConfigurationList;
			buildConfigurations = (
				4DA7594629D8ABF400C22745 /* Debug */,
				4DA7594729D8ABF400C22745 /* Release */,
			);
			defaultConfigurationIsVisible = 0;
			defaultConfigurationName = Release;
		};
		4DA7594829D8ABF400C22745 /* Build configuration list for PBXNativeTarget "firebase" */ = {
			isa = XCConfigurationList;
			buildConfigurations = (
				4DA7594929D8ABF400C22745 /* Debug */,
				4DA7594A29D8ABF400C22745 /* Release */,
			);
			defaultConfigurationIsVisible = 0;
			defaultConfigurationName = Release;
		};
/* End XCConfigurationList section */
	};
	rootObject = 4DA7592C29D8ABF200C22745 /* Project object */;
}
